<?xml version="1.0" encoding="utf-8"?>
<Project ToolsVersion="4.0" xmlns="http://schemas.microsoft.com/developer/msbuild/2003">
  <ItemGroup>
    <Filter Include="Source Files">
      <UniqueIdentifier>{4FC737F1-C7A5-4376-A066-2A32D752A2FF}</UniqueIdentifier>
      <Extensions>cpp;c;cc;cxx;def;odl;idl;hpj;bat;asm;asmx</Extensions>
    </Filter>
    <Filter Include="Header Files">
      <UniqueIdentifier>{93995380-89BD-4b04-88EB-625FBE52EBFB}</UniqueIdentifier>
      <Extensions>h;hh;hpp;hxx;hm;inl;inc;ipp;xsd</Extensions>
    </Filter>
    <Filter Include="Resource Files">
      <UniqueIdentifier>{67DA6AB6-F800-4c08-8B7A-83BB121AAD01}</UniqueIdentifier>
      <Extensions>rc;ico;cur;bmp;dlg;rc2;rct;bin;rgs;gif;jpg;jpeg;jpe;resx;tiff;tif;png;wav;mfcribbon-ms</Extensions>
    </Filter>
    <Filter Include="Resource Files\3D">
      <UniqueIdentifier>{eb61dc47-2b6f-42e5-ab45-d070112be05b}</UniqueIdentifier>
    </Filter>
    <Filter Include="Resource Files\3D\Default">
      <UniqueIdentifier>{af416e4b-e384-4274-99fd-1886e52b990c}</UniqueIdentifier>
    </Filter>
    <Filter Include="Resource Files\3D\Fractals">
      <UniqueIdentifier>{9f314fa8-e961-47cb-b880-c5b852ae41ad}</UniqueIdentifier>
    </Filter>
    <Filter Include="Resource Files\2D">
      <UniqueIdentifier>{bedb2b54-b817-4fad-818c-61d55393be8b}</UniqueIdentifier>
    </Filter>
    <Filter Include="Resource Files\2D\Default">
      <UniqueIdentifier>{01063701-3dc7-4f20-a5a9-421df41f2d56}</UniqueIdentifier>
    </Filter>
    <Filter Include="Resource Files\2D\Fractals">
      <UniqueIdentifier>{26cc9a7c-5e97-4276-9990-7fb1ab73c149}</UniqueIdentifier>
    </Filter>
  </ItemGroup>
  <ItemGroup>
    <ClCompile Include="src/source/Main.cpp">
      <Filter>Source Files</Filter>
    </ClCompile>
    <ClCompile Include="src/source/Camera.cpp">
      <Filter>Source Files</Filter>
    </ClCompile>
    <ClCompile Include="src/source/Time.cpp">
      <Filter>Source Files</Filter>
    </ClCompile>
    <ClCompile Include="src/source/Image.cpp">
      <Filter>Source Files</Filter>
    </ClCompile>
    <ClCompile Include="src/source/Shader.cpp">
      <Filter>Source Files</Filter>
    </ClCompile>
    <ClCompile Include="src/source/Uniform.cpp">
      <Filter>Source Files</Filter>
    </ClCompile>
    <ClCompile Include="src/source/Fractal.cpp">
      <Filter>Source Files</Filter>
    </ClCompile>
    <ClCompile Include="src\source\FileManager.cpp">
      <Filter>Source Files</Filter>
    </ClCompile>
    <ClCompile Include="src\source\GUI.cpp">
      <Filter>Source Files</Filter>
    </ClCompile>
    <ClCompile Include="Dependencies\opengl\include\glad\src\glad.c">
      <Filter>Source Files</Filter>
    </ClCompile>
    <ClCompile Include="src\source\BufferInitialization.cpp">
      <Filter>Source Files</Filter>
    </ClCompile>
  </ItemGroup>
  <ItemGroup>
    <ClInclude Include="src/headers/Camera.h">
      <Filter>Header Files</Filter>
    </ClInclude>
    <ClInclude Include="src/headers/ToString.h">
      <Filter>Header Files</Filter>
    </ClInclude>
    <ClInclude Include="src/headers/Time.h">
      <Filter>Header Files</Filter>
    </ClInclude>
    <ClInclude Include="src/headers/Image.h">
      <Filter>Header Files</Filter>
    </ClInclude>
    <ClInclude Include="src/headers/Fractal.h">
      <Filter>Header Files</Filter>
    </ClInclude>
    <ClInclude Include="src/headers/Shader.h">
      <Filter>Header Files</Filter>
    </ClInclude>
    <ClInclude Include="src/headers/Uniform.h">
      <Filter>Header Files</Filter>
    </ClInclude>
    <ClInclude Include="src/headers/Debug.h">
      <Filter>Header Files</Filter>
    </ClInclude>
    <ClInclude Include="src\headers\FileManager.h">
      <Filter>Header Files</Filter>
    </ClInclude>
    <ClInclude Include="src\headers\GUI.h">
      <Filter>Header Files</Filter>
    </ClInclude>
    <ClInclude Include="src\headers\BufferInitialization.h">
      <Filter>Header Files</Filter>
    </ClInclude>
  </ItemGroup>
  <ItemGroup>
    <None Include="shaders\3D\Fractals\Mandelbox.fs">
      <Filter>Resource Files\3D\Fractals</Filter>
    </None>
    <None Include="shaders\3D\Fractals\MandelboxSpecs.fs">
      <Filter>Resource Files\3D\Fractals</Filter>
    </None>
    <None Include="shaders\3D\Fractals\Mandelbulb.fs">
      <Filter>Resource Files\3D\Fractals</Filter>
    </None>
    <None Include="shaders\3D\Fractals\MandelbulbSpecs.fs">
      <Filter>Resource Files\3D\Fractals</Filter>
    </None>
    <None Include="shaders\3D\Base\3DFractalbase.fs">
      <Filter>Resource Files\3D\Default</Filter>
    </None>
    <None Include="shaders\3D\Base\3DFractalDefault.fs">
      <Filter>Resource Files\3D\Default</Filter>
    </None>
    <None Include="shaders\3D\Base\AlternateDefault.fs">
      <Filter>Resource Files\3D\Default</Filter>
    </None>
    <None Include="shaders\3D\Base\HelperFunctions.fs">
      <Filter>Resource Files\3D\Default</Filter>
    </None>
    <None Include="shaders\3D\Base\PresetSpecs.fs">
      <Filter>Resource Files\3D\Default</Filter>
    </None>
    <None Include="shaders\2D\Base\2DFractalBase.fs">
      <Filter>Resource Files\2D\Default</Filter>
    </None>
    <None Include="shaders\2D\Base\2DFractalDefault.fs">
      <Filter>Resource Files\2D\Default</Filter>
    </None>
    <None Include="shaders\2D\Fractals\mandelbrot.fs">
      <Filter>Resource Files\2D\Fractals</Filter>
    </None>
    <None Include="shaders\2D\Fractals\mandelbrotSpecs.fs">
      <Filter>Resource Files\2D\Fractals</Filter>
    </None>
    <None Include="shaders\2D\Base\AlternateDefault.fs">
      <Filter>Resource Files\2D\Default</Filter>
    </None>
    <None Include="shaders\2D\Base\HelperFunctions.fs">
      <Filter>Resource Files\2D\Default</Filter>
    </None>
    <None Include="shaders\2D\Base\PresetSpecs.fs">
      <Filter>Resource Files\2D\Default</Filter>
    </None>
    <None Include="shaders\Rectangle.glsl">
      <Filter>Resource Files</Filter>
    </None>
    <None Include="shaders\2D\Fractals\buddhabrot.fs">
      <Filter>Resource Files\2D\Fractals</Filter>
    </None>
    <None Include="shaders\2D\Fractals\buddhabrotSpecs.fs">
      <Filter>Resource Files\2D\Fractals</Filter>
    </None>
    <None Include="shaders\2D\Base\2DFractalBaseCompute.fs">
      <Filter>Resource Files\2D\Default</Filter>
    </None>
    <None Include="shaders\3D\Fractals\MandelFold.fs">
      <Filter>Resource Files\3D\Fractals</Filter>
    </None>
    <None Include="shaders\3D\Fractals\MandelFoldSpecs.fs">
      <Filter>Resource Files\3D\Fractals</Filter>
    </None>
    <None Include="shaders\2D\Fractals\buddhabrotRender.fs">
      <Filter>Resource Files\2D\Fractals</Filter>
    </None>
    <None Include="shaders\2D\Fractals\rootDensity.fs">
      <Filter>Resource Files\2D\Fractals</Filter>
    </None>
    <None Include="shaders\2D\Fractals\rootDensityRender.fs">
      <Filter>Resource Files\2D\Fractals</Filter>
    </None>
  </ItemGroup>
  <ItemGroup>
    <Text Include="resources.txt">
      <Filter>Resource Files</Filter>
    </Text>
  </ItemGroup>
</Project>